
Microsoft Visual Studio Solution File, Format Version 12.00
# Visual Studio Version 17
VisualStudioVersion = 17.8.34330.188
MinimumVisualStudioVersion = 10.0.40219.1
Project("{FAE04EC0-301F-11D3-BF4B-00C04F79EFBC}") = "Domain", "Domain\Domain.csproj", "{5EC9D0A8-FDE0-4D53-9A5A-63CBD34B08B0}"
EndProject
Project("{FAE04EC0-301F-11D3-BF4B-00C04F79EFBC}") = "Application", "Application\Application.csproj", "{7064FEC0-484D-4296-B129-932D9D1EE10F}"
EndProject
Project("{FAE04EC0-301F-11D3-BF4B-00C04F79EFBC}") = "Infrastructure", "Infrastructure\Infrastructure.csproj", "{28AE7910-B397-44F1-938C-DB0600C1F16C}"
EndProject
Project("{FAE04EC0-301F-11D3-BF4B-00C04F79EFBC}") = "Presentation", "Presentation\Presentation.csproj", "{BFFA0133-729A-4A55-8939-1EA8935EAC3C}"
EndProject
Global
	GlobalSection(SolutionConfigurationPlatforms) = preSolution
		Debug|Any CPU = Debug|Any CPU
		Release|Any CPU = Release|Any CPU
	EndGlobalSection
	GlobalSection(ProjectConfigurationPlatforms) = postSolution
		{5EC9D0A8-FDE0-4D53-9A5A-63CBD34B08B0}.Debug|Any CPU.ActiveCfg = Debug|Any CPU
		{5EC9D0A8-FDE0-4D53-9A5A-63CBD34B08B0}.Debug|Any CPU.Build.0 = Debug|Any CPU
		{5EC9D0A8-FDE0-4D53-9A5A-63CBD34B08B0}.Release|Any CPU.ActiveCfg = Release|Any CPU
		{5EC9D0A8-FDE0-4D53-9A5A-63CBD34B08B0}.Release|Any CPU.Build.0 = Release|Any CPU
		{7064FEC0-484D-4296-B129-932D9D1EE10F}.Debug|Any CPU.ActiveCfg = Debug|Any CPU
		{7064FEC0-484D-4296-B129-932D9D1EE10F}.Debug|Any CPU.Build.0 = Debug|Any CPU
		{7064FEC0-484D-4296-B129-932D9D1EE10F}.Release|Any CPU.ActiveCfg = Release|Any CPU
		{7064FEC0-484D-4296-B129-932D9D1EE10F}.Release|Any CPU.Build.0 = Release|Any CPU
		{28AE7910-B397-44F1-938C-DB0600C1F16C}.Debug|Any CPU.ActiveCfg = Debug|Any CPU
		{28AE7910-B397-44F1-938C-DB0600C1F16C}.Debug|Any CPU.Build.0 = Debug|Any CPU
		{28AE7910-B397-44F1-938C-DB0600C1F16C}.Release|Any CPU.ActiveCfg = Release|Any CPU
		{28AE7910-B397-44F1-938C-DB0600C1F16C}.Release|Any CPU.Build.0 = Release|Any CPU
		{BFFA0133-729A-4A55-8939-1EA8935EAC3C}.Debug|Any CPU.ActiveCfg = Debug|Any CPU
		{BFFA0133-729A-4A55-8939-1EA8935EAC3C}.Debug|Any CPU.Build.0 = Debug|Any CPU
		{BFFA0133-729A-4A55-8939-1EA8935EAC3C}.Release|Any CPU.ActiveCfg = Release|Any CPU
		{BFFA0133-729A-4A55-8939-1EA8935EAC3C}.Release|Any CPU.Build.0 = Release|Any CPU
	EndGlobalSection
	GlobalSection(SolutionProperties) = preSolution
		HideSolutionNode = FALSE
	EndGlobalSection
	GlobalSection(ExtensibilityGlobals) = postSolution
		SolutionGuid = {F0FC045D-8E8F-4329-949F-FA327D25928D}
	EndGlobalSection
EndGlobal
